
Microsoft Visual Studio Solution File, Format Version 12.00
# Visual Studio Version 16
VisualStudioVersion = 16.0.31729.503
MinimumVisualStudioVersion = 10.0.40219.1
Project("{FAE04EC0-301F-11D3-BF4B-00C04F79EFBC}") = "WebApplication_Api_CRUD", "WebApplication_Api_CRUD\WebApplication_Api_CRUD.csproj", "{1294BE6E-EECB-464B-9CAA-03D0E2E6A086}"
EndProject
Global
	GlobalSection(SolutionConfigurationPlatforms) = preSolution
		Debug|Any CPU = Debug|Any CPU
		Release|Any CPU = Release|Any CPU
	EndGlobalSection
	GlobalSection(ProjectConfigurationPlatforms) = postSolution
		{1294BE6E-EECB-464B-9CAA-03D0E2E6A086}.Debug|Any CPU.ActiveCfg = Debug|Any CPU
		{1294BE6E-EECB-464B-9CAA-03D0E2E6A086}.Debug|Any CPU.Build.0 = Debug|Any CPU
		{1294BE6E-EECB-464B-9CAA-03D0E2E6A086}.Release|Any CPU.ActiveCfg = Release|Any CPU
		{1294BE6E-EECB-464B-9CAA-03D0E2E6A086}.Release|Any CPU.Build.0 = Release|Any CPU
	EndGlobalSection
	GlobalSection(SolutionProperties) = preSolution
		HideSolutionNode = FALSE
	EndGlobalSection
	GlobalSection(ExtensibilityGlobals) = postSolution
		SolutionGuid = {B5DE83C8-84EA-4B40-8286-7A411101BC10}
	EndGlobalSection
EndGlobal
