
Microsoft Visual Studio Solution File, Format Version 12.00
# Visual Studio Version 16
VisualStudioVersion = 16.0.31605.320
MinimumVisualStudioVersion = 10.0.40219.1
Project("{FAE04EC0-301F-11D3-BF4B-00C04F79EFBC}") = "ConsoleApp_Day_2_Assingment", "ConsoleApp_Day_2_Assingment\ConsoleApp_Day_2_Assingment.csproj", "{C28F1E5C-7764-4D9A-8FBC-0347076D941C}"
EndProject
Global
	GlobalSection(SolutionConfigurationPlatforms) = preSolution
		Debug|Any CPU = Debug|Any CPU
		Release|Any CPU = Release|Any CPU
	EndGlobalSection
	GlobalSection(ProjectConfigurationPlatforms) = postSolution
		{C28F1E5C-7764-4D9A-8FBC-0347076D941C}.Debug|Any CPU.ActiveCfg = Debug|Any CPU
		{C28F1E5C-7764-4D9A-8FBC-0347076D941C}.Debug|Any CPU.Build.0 = Debug|Any CPU
		{C28F1E5C-7764-4D9A-8FBC-0347076D941C}.Release|Any CPU.ActiveCfg = Release|Any CPU
		{C28F1E5C-7764-4D9A-8FBC-0347076D941C}.Release|Any CPU.Build.0 = Release|Any CPU
	EndGlobalSection
	GlobalSection(SolutionProperties) = preSolution
		HideSolutionNode = FALSE
	EndGlobalSection
	GlobalSection(ExtensibilityGlobals) = postSolution
		SolutionGuid = {65E0680D-09D6-4C05-8981-794BBF794FFF}
	EndGlobalSection
EndGlobal
